
Microsoft Visual Studio Solution File, Format Version 12.00
# Visual Studio Version 17
VisualStudioVersion = 17.2.32630.192
MinimumVisualStudioVersion = 10.0.40219.1
Project("{9A19103F-16F7-4668-BE54-9A1E7A4F7556}") = "R5T.E0069.Construction", "R5T.E0069.Construction\R5T.E0069.Construction.csproj", "{99D9394B-7A58-4CAE-A15F-4B74AD30EC47}"
EndProject
Project("{9A19103F-16F7-4668-BE54-9A1E7A4F7556}") = "R5T.E0069", "R5T.E0069\R5T.E0069.csproj", "{3BEC5CF8-439B-4593-B727-787C9DE3F982}"
EndProject
Global
	GlobalSection(SolutionConfigurationPlatforms) = preSolution
		Debug|Any CPU = Debug|Any CPU
		Release|Any CPU = Release|Any CPU
	EndGlobalSection
	GlobalSection(ProjectConfigurationPlatforms) = postSolution
		{99D9394B-7A58-4CAE-A15F-4B74AD30EC47}.Debug|Any CPU.ActiveCfg = Debug|Any CPU
		{99D9394B-7A58-4CAE-A15F-4B74AD30EC47}.Debug|Any CPU.Build.0 = Debug|Any CPU
		{99D9394B-7A58-4CAE-A15F-4B74AD30EC47}.Release|Any CPU.ActiveCfg = Release|Any CPU
		{99D9394B-7A58-4CAE-A15F-4B74AD30EC47}.Release|Any CPU.Build.0 = Release|Any CPU
		{3BEC5CF8-439B-4593-B727-787C9DE3F982}.Debug|Any CPU.ActiveCfg = Debug|Any CPU
		{3BEC5CF8-439B-4593-B727-787C9DE3F982}.Debug|Any CPU.Build.0 = Debug|Any CPU
		{3BEC5CF8-439B-4593-B727-787C9DE3F982}.Release|Any CPU.ActiveCfg = Release|Any CPU
		{3BEC5CF8-439B-4593-B727-787C9DE3F982}.Release|Any CPU.Build.0 = Release|Any CPU
	EndGlobalSection
	GlobalSection(SolutionProperties) = preSolution
		HideSolutionNode = FALSE
	EndGlobalSection
	GlobalSection(ExtensibilityGlobals) = postSolution
		SolutionGuid = {C80956D5-7E99-4EB6-96D1-B89051D24C76}
	EndGlobalSection
EndGlobal
